github.com/go-ego/gse v0.80.3 h1:YNFkjMhlhQnUeuoFcUEd1ivh6SOB764rT8GDsEbDiEg=
github.com/go-ego/gse v0.80.3/go.mod h1:Gt3A9Ry1Eso2Kza4MRaiZ7f2DTAvActmETY46Lxg0gU=
github.com/vcaesar/cedar v0.20.2 h1:TDx7AdZhilKcfE1WvdToTJf5VrC/FXcUOW+KY1upLZ4=
github.com/vcaesar/cedar v0.20.2/go.mod h1:lyuGvALuZZDPNXwpzv/9LyxW+8Y6faN7zauFezNsnik=
github.com/yanyiwu/gojieba v1.4.6 h1:9oKbZijSHBdoTabXK34romSWj4aQLvs+j1ctIQjSxPk=
github.com/yanyiwu/gojieba v1.4.6/go.mod h1:JUq4DddFVGdHXJHxxepxRmhrKlDpaBxR8O28v6fKYLY=
